
Microsoft Visual Studio Solution File, Format Version 12.00
# Visual Studio Version 16
VisualStudioVersion = 16.0.30413.136
MinimumVisualStudioVersion = 10.0.40219.1
Project("{FAE04EC0-301F-11D3-BF4B-00C04F79EFBC}") = "WebApplication24", "WebApplication24\WebApplication24.csproj", "{B155E74C-C1FD-4A00-83C8-F7BE4C2C28A1}"
EndProject
Global
	GlobalSection(SolutionConfigurationPlatforms) = preSolution
		Debug|Any CPU = Debug|Any CPU
		Release|Any CPU = Release|Any CPU
	EndGlobalSection
	GlobalSection(ProjectConfigurationPlatforms) = postSolution
		{B155E74C-C1FD-4A00-83C8-F7BE4C2C28A1}.Debug|Any CPU.ActiveCfg = Debug|Any CPU
		{B155E74C-C1FD-4A00-83C8-F7BE4C2C28A1}.Debug|Any CPU.Build.0 = Debug|Any CPU
		{B155E74C-C1FD-4A00-83C8-F7BE4C2C28A1}.Release|Any CPU.ActiveCfg = Release|Any CPU
		{B155E74C-C1FD-4A00-83C8-F7BE4C2C28A1}.Release|Any CPU.Build.0 = Release|Any CPU
	EndGlobalSection
	GlobalSection(SolutionProperties) = preSolution
		HideSolutionNode = FALSE
	EndGlobalSection
	GlobalSection(ExtensibilityGlobals) = postSolution
		SolutionGuid = {96863A97-DF94-4FE6-AC1C-36A81B30DB88}
	EndGlobalSection
EndGlobal
